
Microsoft Visual Studio Solution File, Format Version 12.00
# Visual Studio Version 17
VisualStudioVersion = 17.0.31919.166
MinimumVisualStudioVersion = 10.0.40219.1
Project("{9A19103F-16F7-4668-BE54-9A1E7A4F7556}") = "kraken-cli", "kraken\kraken-cli.csproj", "{B344E6AB-5D0C-4F97-93F6-9893913A82DB}"
EndProject
Project("{FAE04EC0-301F-11D3-BF4B-00C04F79EFBC}") = "kraken-model", "kraken-model\kraken-model.csproj", "{6D343406-0895-407B-9E42-F34A73CB41DA}"
EndProject
Project("{FAE04EC0-301F-11D3-BF4B-00C04F79EFBC}") = "kraken-client", "kraken-client\kraken-client.csproj", "{49F923DB-4C64-49AE-B6D0-8E511EE9334E}"
EndProject
Project("{FAE04EC0-301F-11D3-BF4B-00C04F79EFBC}") = "ExampleAdaptor", "ExampleAdaptor\ExampleAdaptor.csproj", "{CBF0F033-D60C-4180-A8CB-19AD2C7D9579}"
EndProject
Global
	GlobalSection(SolutionConfigurationPlatforms) = preSolution
		Debug|Any CPU = Debug|Any CPU
		Release|Any CPU = Release|Any CPU
	EndGlobalSection
	GlobalSection(ProjectConfigurationPlatforms) = postSolution
		{B344E6AB-5D0C-4F97-93F6-9893913A82DB}.Debug|Any CPU.ActiveCfg = Debug|Any CPU
		{B344E6AB-5D0C-4F97-93F6-9893913A82DB}.Debug|Any CPU.Build.0 = Debug|Any CPU
		{B344E6AB-5D0C-4F97-93F6-9893913A82DB}.Release|Any CPU.ActiveCfg = Release|Any CPU
		{B344E6AB-5D0C-4F97-93F6-9893913A82DB}.Release|Any CPU.Build.0 = Release|Any CPU
		{6D343406-0895-407B-9E42-F34A73CB41DA}.Debug|Any CPU.ActiveCfg = Debug|Any CPU
		{6D343406-0895-407B-9E42-F34A73CB41DA}.Debug|Any CPU.Build.0 = Debug|Any CPU
		{6D343406-0895-407B-9E42-F34A73CB41DA}.Release|Any CPU.ActiveCfg = Release|Any CPU
		{6D343406-0895-407B-9E42-F34A73CB41DA}.Release|Any CPU.Build.0 = Release|Any CPU
		{49F923DB-4C64-49AE-B6D0-8E511EE9334E}.Debug|Any CPU.ActiveCfg = Debug|Any CPU
		{49F923DB-4C64-49AE-B6D0-8E511EE9334E}.Debug|Any CPU.Build.0 = Debug|Any CPU
		{49F923DB-4C64-49AE-B6D0-8E511EE9334E}.Release|Any CPU.ActiveCfg = Release|Any CPU
		{49F923DB-4C64-49AE-B6D0-8E511EE9334E}.Release|Any CPU.Build.0 = Release|Any CPU
		{CBF0F033-D60C-4180-A8CB-19AD2C7D9579}.Debug|Any CPU.ActiveCfg = Debug|Any CPU
		{CBF0F033-D60C-4180-A8CB-19AD2C7D9579}.Debug|Any CPU.Build.0 = Debug|Any CPU
		{CBF0F033-D60C-4180-A8CB-19AD2C7D9579}.Release|Any CPU.ActiveCfg = Release|Any CPU
		{CBF0F033-D60C-4180-A8CB-19AD2C7D9579}.Release|Any CPU.Build.0 = Release|Any CPU
	EndGlobalSection
	GlobalSection(SolutionProperties) = preSolution
		HideSolutionNode = FALSE
	EndGlobalSection
	GlobalSection(ExtensibilityGlobals) = postSolution
		SolutionGuid = {993F1169-E39C-4A3D-B93A-2391A3A821C5}
	EndGlobalSection
EndGlobal
